
Microsoft Visual Studio Solution File, Format Version 12.00
# Visual Studio Version 16
VisualStudioVersion = 16.0.30907.101
MinimumVisualStudioVersion = 10.0.40219.1
Project("{FAE04EC0-301F-11D3-BF4B-00C04F79EFBC}") = "HostelWebAPI", "HostelWebAPI\HostelWebAPI.csproj", "{7EDAD68E-B967-42D8-84EF-C223C27D60C8}"
EndProject
Global
	GlobalSection(SolutionConfigurationPlatforms) = preSolution
		Debug|Any CPU = Debug|Any CPU
		Release|Any CPU = Release|Any CPU
	EndGlobalSection
	GlobalSection(ProjectConfigurationPlatforms) = postSolution
		{7EDAD68E-B967-42D8-84EF-C223C27D60C8}.Debug|Any CPU.ActiveCfg = Debug|Any CPU
		{7EDAD68E-B967-42D8-84EF-C223C27D60C8}.Debug|Any CPU.Build.0 = Debug|Any CPU
		{7EDAD68E-B967-42D8-84EF-C223C27D60C8}.Release|Any CPU.ActiveCfg = Release|Any CPU
		{7EDAD68E-B967-42D8-84EF-C223C27D60C8}.Release|Any CPU.Build.0 = Release|Any CPU
	EndGlobalSection
	GlobalSection(SolutionProperties) = preSolution
		HideSolutionNode = FALSE
	EndGlobalSection
	GlobalSection(ExtensibilityGlobals) = postSolution
		SolutionGuid = {7861E8F6-3671-4DFB-ABEF-F64FE0DED405}
	EndGlobalSection
EndGlobal
